
Microsoft Visual Studio Solution File, Format Version 12.00
# Visual Studio Version 16
VisualStudioVersion = 16.0.30704.19
MinimumVisualStudioVersion = 10.0.40219.1
Project("{FAE04EC0-301F-11D3-BF4B-00C04F79EFBC}") = "FinLabTools", "FinLabTools.csproj", "{96E53947-F672-4FF6-BDDE-9DA92451BD51}"
EndProject
Global
	GlobalSection(SolutionConfigurationPlatforms) = preSolution
		Debug|Any CPU = Debug|Any CPU
		Release|Any CPU = Release|Any CPU
	EndGlobalSection
	GlobalSection(ProjectConfigurationPlatforms) = postSolution
		{96E53947-F672-4FF6-BDDE-9DA92451BD51}.Debug|Any CPU.ActiveCfg = Debug|Any CPU
		{96E53947-F672-4FF6-BDDE-9DA92451BD51}.Debug|Any CPU.Build.0 = Debug|Any CPU
		{96E53947-F672-4FF6-BDDE-9DA92451BD51}.Release|Any CPU.ActiveCfg = Release|Any CPU
		{96E53947-F672-4FF6-BDDE-9DA92451BD51}.Release|Any CPU.Build.0 = Release|Any CPU
	EndGlobalSection
	GlobalSection(SolutionProperties) = preSolution
		HideSolutionNode = FALSE
	EndGlobalSection
	GlobalSection(ExtensibilityGlobals) = postSolution
		SolutionGuid = {12032F32-44E2-404D-A7E2-30EAE2F9FC3C}
	EndGlobalSection
EndGlobal
